
Microsoft Visual Studio Solution File, Format Version 12.00
# Visual Studio Version 16
VisualStudioVersion = 16.0.31112.23
MinimumVisualStudioVersion = 10.0.40219.1
Project("{9A19103F-16F7-4668-BE54-9A1E7A4F7556}") = "DelegateTask2", "DelegateTasc2\DelegateTask2.csproj", "{76254C88-DF22-44C0-8038-720E27E05FA6}"
EndProject
Project("{FAE04EC0-301F-11D3-BF4B-00C04F79EFBC}") = "ExceptionTask1", "ExceptionTask1\ExceptionTask1.csproj", "{58DF46DB-9C89-4A6A-9697-27EA7F3C5A48}"
EndProject
Global
	GlobalSection(SolutionConfigurationPlatforms) = preSolution
		Debug|Any CPU = Debug|Any CPU
		Release|Any CPU = Release|Any CPU
	EndGlobalSection
	GlobalSection(ProjectConfigurationPlatforms) = postSolution
		{76254C88-DF22-44C0-8038-720E27E05FA6}.Debug|Any CPU.ActiveCfg = Debug|Any CPU
		{76254C88-DF22-44C0-8038-720E27E05FA6}.Debug|Any CPU.Build.0 = Debug|Any CPU
		{76254C88-DF22-44C0-8038-720E27E05FA6}.Release|Any CPU.ActiveCfg = Release|Any CPU
		{76254C88-DF22-44C0-8038-720E27E05FA6}.Release|Any CPU.Build.0 = Release|Any CPU
		{58DF46DB-9C89-4A6A-9697-27EA7F3C5A48}.Debug|Any CPU.ActiveCfg = Debug|Any CPU
		{58DF46DB-9C89-4A6A-9697-27EA7F3C5A48}.Debug|Any CPU.Build.0 = Debug|Any CPU
		{58DF46DB-9C89-4A6A-9697-27EA7F3C5A48}.Release|Any CPU.ActiveCfg = Release|Any CPU
		{58DF46DB-9C89-4A6A-9697-27EA7F3C5A48}.Release|Any CPU.Build.0 = Release|Any CPU
	EndGlobalSection
	GlobalSection(SolutionProperties) = preSolution
		HideSolutionNode = FALSE
	EndGlobalSection
	GlobalSection(ExtensibilityGlobals) = postSolution
		SolutionGuid = {A72C1FE7-E4BB-4AD0-B3EA-86C174DB2DBD}
	EndGlobalSection
EndGlobal
